// !$*UTF8*$!
{
	archiveVersion = 1;
	classes = {
	};
	objectVersion = 46;
	objects = {

/* Begin PBXBuildFile section */
		A0C5581414F109F200F09E56 /* PONotesListViewController.m in Sources */ = {isa = PBXBuildFile; fileRef = A0C5581314F109F200F09E56 /* PONotesListViewController.m */; };
		A0C5581714F10A0800F09E56 /* PONoteDetailViewController.m in Sources */ = {isa = PBXBuildFile; fileRef = A0C5581614F10A0800F09E56 /* PONoteDetailViewController.m */; };
		A0C5582E14F176D300F09E56 /* PONoteDetailBackgroundView.m in Sources */ = {isa = PBXBuildFile; fileRef = A0C5582D14F176D300F09E56 /* PONoteDetailBackgroundView.m */; };
		A0C5583914F192EE00F09E56 /* Default.png in Resources */ = {isa = PBXBuildFile; fileRef = A0C5583114F192EE00F09E56 /* Default.png */; };
		A0C5583A14F192EE00F09E56 /* Default@2x.png in Resources */ = {isa = PBXBuildFile; fileRef = A0C5583214F192EE00F09E56 /* Default@2x.png */; };
		A0C5583B14F192EE00F09E56 /* Icon-72.png in Resources */ = {isa = PBXBuildFile; fileRef = A0C5583314F192EE00F09E56 /* Icon-72.png */; };
		A0C5583D14F192EE00F09E56 /* Icon.png in Resources */ = {isa = PBXBuildFile; fileRef = A0C5583514F192EE00F09E56 /* Icon.png */; };
		A0C5583E14F192EE00F09E56 /* Icon@2x.png in Resources */ = {isa = PBXBuildFile; fileRef = A0C5583614F192EE00F09E56 /* Icon@2x.png */; };
		A0C5583F14F192EE00F09E56 /* iTunesArtwork in Resources */ = {isa = PBXBuildFile; fileRef = A0C5583714F192EE00F09E56 /* iTunesArtwork */; };
		A0C7449514F0EB81009D07BF /* UIKit.framework in Frameworks */ = {isa = PBXBuildFile; fileRef = A0C7449414F0EB81009D07BF /* UIKit.framework */; };
		A0C7449714F0EB81009D07BF /* Foundation.framework in Frameworks */ = {isa = PBXBuildFile; fileRef = A0C7449614F0EB81009D07BF /* Foundation.framework */; };
		A0C7449914F0EB81009D07BF /* CoreGraphics.framework in Frameworks */ = {isa = PBXBuildFile; fileRef = A0C7449814F0EB81009D07BF /* CoreGraphics.framework */; };
		A0C7449F14F0EB81009D07BF /* InfoPlist.strings in Resources */ = {isa = PBXBuildFile; fileRef = A0C7449D14F0EB81009D07BF /* InfoPlist.strings */; };
		A0C744A114F0EB82009D07BF /* main.m in Sources */ = {isa = PBXBuildFile; fileRef = A0C744A014F0EB82009D07BF /* main.m */; };
		A0C744A514F0EB82009D07BF /* POAppDelegate.m in Sources */ = {isa = PBXBuildFile; fileRef = A0C744A414F0EB82009D07BF /* POAppDelegate.m */; };
		A0C744A814F0EB82009D07BF /* MainStoryboard_iPhone.storyboard in Resources */ = {isa = PBXBuildFile; fileRef = A0C744A614F0EB82009D07BF /* MainStoryboard_iPhone.storyboard */; };
		A0C744AB14F0EB82009D07BF /* MainStoryboard_iPad.storyboard in Resources */ = {isa = PBXBuildFile; fileRef = A0C744A914F0EB82009D07BF /* MainStoryboard_iPad.storyboard */; };
		A0C744BD14F0F18A009D07BF /* PONote.m in Sources */ = {isa = PBXBuildFile; fileRef = A0C744BC14F0F18A009D07BF /* PONote.m */; };
		A0C744C014F0F50B009D07BF /* PONotesManager.m in Sources */ = {isa = PBXBuildFile; fileRef = A0C744BF14F0F50B009D07BF /* PONotesManager.m */; };
/* End PBXBuildFile section */

/* Begin PBXFileReference section */
		A0C5581214F109F200F09E56 /* PONotesListViewController.h */ = {isa = PBXFileReference; fileEncoding = 4; lastKnownFileType = sourcecode.c.h; path = PONotesListViewController.h; sourceTree = "<group>"; };
		A0C5581314F109F200F09E56 /* PONotesListViewController.m */ = {isa = PBXFileReference; fileEncoding = 4; lastKnownFileType = sourcecode.c.objc; path = PONotesListViewController.m; sourceTree = "<group>"; };
		A0C5581514F10A0800F09E56 /* PONoteDetailViewController.h */ = {isa = PBXFileReference; fileEncoding = 4; lastKnownFileType = sourcecode.c.h; path = PONoteDetailViewController.h; sourceTree = "<group>"; };
		A0C5581614F10A0800F09E56 /* PONoteDetailViewController.m */ = {isa = PBXFileReference; fileEncoding = 4; lastKnownFileType = sourcecode.c.objc; path = PONoteDetailViewController.m; sourceTree = "<group>"; };
		A0C5582C14F176D300F09E56 /* PONoteDetailBackgroundView.h */ = {isa = PBXFileReference; fileEncoding = 4; lastKnownFileType = sourcecode.c.h; path = PONoteDetailBackgroundView.h; sourceTree = "<group>"; };
		A0C5582D14F176D300F09E56 /* PONoteDetailBackgroundView.m */ = {isa = PBXFileReference; fileEncoding = 4; lastKnownFileType = sourcecode.c.objc; path = PONoteDetailBackgroundView.m; sourceTree = "<group>"; };
		A0C5583114F192EE00F09E56 /* Default.png */ = {isa = PBXFileReference; lastKnownFileType = image.png; path = Default.png; sourceTree = "<group>"; };
		A0C5583214F192EE00F09E56 /* Default@2x.png */ = {isa = PBXFileReference; lastKnownFileType = image.png; path = "Default@2x.png"; sourceTree = "<group>"; };
		A0C5583314F192EE00F09E56 /* Icon-72.png */ = {isa = PBXFileReference; lastKnownFileType = image.png; path = "Icon-72.png"; sourceTree = "<group>"; };
		A0C5583514F192EE00F09E56 /* Icon.png */ = {isa = PBXFileReference; lastKnownFileType = image.png; path = Icon.png; sourceTree = "<group>"; };
		A0C5583614F192EE00F09E56 /* Icon@2x.png */ = {isa = PBXFileReference; lastKnownFileType = image.png; path = "Icon@2x.png"; sourceTree = "<group>"; };
		A0C5583714F192EE00F09E56 /* iTunesArtwork */ = {isa = PBXFileReference; lastKnownFileType = file; path = iTunesArtwork; sourceTree = "<group>"; };
		A0C7449014F0EB81009D07BF /* Potes.app */ = {isa = PBXFileReference; explicitFileType = wrapper.application; includeInIndex = 0; path = Potes.app; sourceTree = BUILT_PRODUCTS_DIR; };
		A0C7449414F0EB81009D07BF /* UIKit.framework */ = {isa = PBXFileReference; lastKnownFileType = wrapper.framework; name = UIKit.framework; path = System/Library/Frameworks/UIKit.framework; sourceTree = SDKROOT; };
		A0C7449614F0EB81009D07BF /* Foundation.framework */ = {isa = PBXFileReference; lastKnownFileType = wrapper.framework; name = Foundation.framework; path = System/Library/Frameworks/Foundation.framework; sourceTree = SDKROOT; };
		A0C7449814F0EB81009D07BF /* CoreGraphics.framework */ = {isa = PBXFileReference; lastKnownFileType = wrapper.framework; name = CoreGraphics.framework; path = System/Library/Frameworks/CoreGraphics.framework; sourceTree = SDKROOT; };
		A0C7449C14F0EB81009D07BF /* Potes-Info.plist */ = {isa = PBXFileReference; lastKnownFileType = text.plist.xml; path = "Potes-Info.plist"; sourceTree = "<group>"; };
		A0C7449E14F0EB81009D07BF /* en */ = {isa = PBXFileReference; lastKnownFileType = text.plist.strings; name = en; path = en.lproj/InfoPlist.strings; sourceTree = "<group>"; };
		A0C744A014F0EB82009D07BF /* main.m */ = {isa = PBXFileReference; lastKnownFileType = sourcecode.c.objc; path = main.m; sourceTree = "<group>"; };
		A0C744A214F0EB82009D07BF /* Potes-Prefix.pch */ = {isa = PBXFileReference; lastKnownFileType = sourcecode.c.h; path = "Potes-Prefix.pch"; sourceTree = "<group>"; };
		A0C744A314F0EB82009D07BF /* POAppDelegate.h */ = {isa = PBXFileReference; lastKnownFileType = sourcecode.c.h; path = POAppDelegate.h; sourceTree = "<group>"; };
		A0C744A414F0EB82009D07BF /* POAppDelegate.m */ = {isa = PBXFileReference; lastKnownFileType = sourcecode.c.objc; path = POAppDelegate.m; sourceTree = "<group>"; };
		A0C744A714F0EB82009D07BF /* en */ = {isa = PBXFileReference; lastKnownFileType = file.storyboard; name = en; path = en.lproj/MainStoryboard_iPhone.storyboard; sourceTree = "<group>"; };
		A0C744AA14F0EB82009D07BF /* en */ = {isa = PBXFileReference; lastKnownFileType = file.storyboard; name = en; path = en.lproj/MainStoryboard_iPad.storyboard; sourceTree = "<group>"; };
		A0C744BB14F0F18A009D07BF /* PONote.h */ = {isa = PBXFileReference; fileEncoding = 4; lastKnownFileType = sourcecode.c.h; path = PONote.h; sourceTree = "<group>"; };
		A0C744BC14F0F18A009D07BF /* PONote.m */ = {isa = PBXFileReference; fileEncoding = 4; lastKnownFileType = sourcecode.c.objc; path = PONote.m; sourceTree = "<group>"; };
		A0C744BE14F0F50B009D07BF /* PONotesManager.h */ = {isa = PBXFileReference; fileEncoding = 4; lastKnownFileType = sourcecode.c.h; path = PONotesManager.h; sourceTree = "<group>"; };
		A0C744BF14F0F50B009D07BF /* PONotesManager.m */ = {isa = PBXFileReference; fileEncoding = 4; lastKnownFileType = sourcecode.c.objc; path = PONotesManager.m; sourceTree = "<group>"; };
/* End PBXFileReference section */

/* Begin PBXFrameworksBuildPhase section */
		A0C7448D14F0EB81009D07BF /* Frameworks */ = {
			isa = PBXFrameworksBuildPhase;
			buildActionMask = 2147483647;
			files = (
				A0C7449514F0EB81009D07BF /* UIKit.framework in Frameworks */,
				A0C7449714F0EB81009D07BF /* Foundation.framework in Frameworks */,
				A0C7449914F0EB81009D07BF /* CoreGraphics.framework in Frameworks */,
			);
			runOnlyForDeploymentPostprocessing = 0;
		};
/* End PBXFrameworksBuildPhase section */

/* Begin PBXGroup section */
		A0C5582F14F192EE00F09E56 /* Resources */ = {
			isa = PBXGroup;
			children = (
				A0C5583114F192EE00F09E56 /* Default.png */,
				A0C5583214F192EE00F09E56 /* Default@2x.png */,
				A0C5583314F192EE00F09E56 /* Icon-72.png */,
				A0C5583514F192EE00F09E56 /* Icon.png */,
				A0C5583614F192EE00F09E56 /* Icon@2x.png */,
				A0C5583714F192EE00F09E56 /* iTunesArtwork */,
			);
			path = Resources;
			sourceTree = "<group>";
		};
		A0C7448514F0EB81009D07BF = {
			isa = PBXGroup;
			children = (
				A0C7449A14F0EB81009D07BF /* Potes */,
				A0C7449314F0EB81009D07BF /* Frameworks */,
				A0C7449114F0EB81009D07BF /* Products */,
			);
			sourceTree = "<group>";
		};
		A0C7449114F0EB81009D07BF /* Products */ = {
			isa = PBXGroup;
			children = (
				A0C7449014F0EB81009D07BF /* Potes.app */,
			);
			name = Products;
			sourceTree = "<group>";
		};
		A0C7449314F0EB81009D07BF /* Frameworks */ = {
			isa = PBXGroup;
			children = (
				A0C7449414F0EB81009D07BF /* UIKit.framework */,
				A0C7449614F0EB81009D07BF /* Foundation.framework */,
				A0C7449814F0EB81009D07BF /* CoreGraphics.framework */,
			);
			name = Frameworks;
			sourceTree = "<group>";
		};
		A0C7449A14F0EB81009D07BF /* Potes */ = {
			isa = PBXGroup;
			children = (
				A0C5582F14F192EE00F09E56 /* Resources */,
				A0C744A914F0EB82009D07BF /* MainStoryboard_iPad.storyboard */,
				A0C744A614F0EB82009D07BF /* MainStoryboard_iPhone.storyboard */,
				A0C744A314F0EB82009D07BF /* POAppDelegate.h */,
				A0C744A414F0EB82009D07BF /* POAppDelegate.m */,
				A0C744BB14F0F18A009D07BF /* PONote.h */,
				A0C744BC14F0F18A009D07BF /* PONote.m */,
				A0C5582C14F176D300F09E56 /* PONoteDetailBackgroundView.h */,
				A0C5582D14F176D300F09E56 /* PONoteDetailBackgroundView.m */,
				A0C5581514F10A0800F09E56 /* PONoteDetailViewController.h */,
				A0C5581614F10A0800F09E56 /* PONoteDetailViewController.m */,
				A0C5581214F109F200F09E56 /* PONotesListViewController.h */,
				A0C5581314F109F200F09E56 /* PONotesListViewController.m */,
				A0C744BE14F0F50B009D07BF /* PONotesManager.h */,
				A0C744BF14F0F50B009D07BF /* PONotesManager.m */,
				A0C7449B14F0EB81009D07BF /* Supporting Files */,
			);
			path = Potes;
			sourceTree = "<group>";
		};
		A0C7449B14F0EB81009D07BF /* Supporting Files */ = {
			isa = PBXGroup;
			children = (
				A0C7449C14F0EB81009D07BF /* Potes-Info.plist */,
				A0C7449D14F0EB81009D07BF /* InfoPlist.strings */,
				A0C744A014F0EB82009D07BF /* main.m */,
				A0C744A214F0EB82009D07BF /* Potes-Prefix.pch */,
			);
			name = "Supporting Files";
			sourceTree = "<group>";
		};
/* End PBXGroup section */

/* Begin PBXNativeTarget section */
		A0C7448F14F0EB81009D07BF /* Potes */ = {
			isa = PBXNativeTarget;
			buildConfigurationList = A0C744B414F0EB82009D07BF /* Build configuration list for PBXNativeTarget "Potes" */;
			buildPhases = (
				A0C7448C14F0EB81009D07BF /* Sources */,
				A0C7448D14F0EB81009D07BF /* Frameworks */,
				A0C7448E14F0EB81009D07BF /* Resources */,
			);
			buildRules = (
			);
			dependencies = (
			);
			name = Potes;
			productName = Potes;
			productReference = A0C7449014F0EB81009D07BF /* Potes.app */;
			productType = "com.apple.product-type.application";
		};
/* End PBXNativeTarget section */

/* Begin PBXProject section */
		A0C7448714F0EB81009D07BF /* Project object */ = {
			isa = PBXProject;
			attributes = {
				LastUpgradeCheck = 0420;
				ORGANIZATIONNAME = "Robot Media SL";
			};
			buildConfigurationList = A0C7448A14F0EB81009D07BF /* Build configuration list for PBXProject "Potes" */;
			compatibilityVersion = "Xcode 3.2";
			developmentRegion = English;
			hasScannedForEncodings = 0;
			knownRegions = (
				en,
			);
			mainGroup = A0C7448514F0EB81009D07BF;
			productRefGroup = A0C7449114F0EB81009D07BF /* Products */;
			projectDirPath = "";
			projectRoot = "";
			targets = (
				A0C7448F14F0EB81009D07BF /* Potes */,
			);
		};
/* End PBXProject section */

/* Begin PBXResourcesBuildPhase section */
		A0C7448E14F0EB81009D07BF /* Resources */ = {
			isa = PBXResourcesBuildPhase;
			buildActionMask = 2147483647;
			files = (
				A0C7449F14F0EB81009D07BF /* InfoPlist.strings in Resources */,
				A0C744A814F0EB82009D07BF /* MainStoryboard_iPhone.storyboard in Resources */,
				A0C744AB14F0EB82009D07BF /* MainStoryboard_iPad.storyboard in Resources */,
				A0C5583914F192EE00F09E56 /* Default.png in Resources */,
				A0C5583A14F192EE00F09E56 /* Default@2x.png in Resources */,
				A0C5583B14F192EE00F09E56 /* Icon-72.png in Resources */,
				A0C5583D14F192EE00F09E56 /* Icon.png in Resources */,
				A0C5583E14F192EE00F09E56 /* Icon@2x.png in Resources */,
				A0C5583F14F192EE00F09E56 /* iTunesArtwork in Resources */,
			);
			runOnlyForDeploymentPostprocessing = 0;
		};
/* End PBXResourcesBuildPhase section */

/* Begin PBXSourcesBuildPhase section */
		A0C7448C14F0EB81009D07BF /* Sources */ = {
			isa = PBXSourcesBuildPhase;
			buildActionMask = 2147483647;
			files = (
				A0C744A114F0EB82009D07BF /* main.m in Sources */,
				A0C744A514F0EB82009D07BF /* POAppDelegate.m in Sources */,
				A0C744BD14F0F18A009D07BF /* PONote.m in Sources */,
				A0C744C014F0F50B009D07BF /* PONotesManager.m in Sources */,
				A0C5581414F109F200F09E56 /* PONotesListViewController.m in Sources */,
				A0C5581714F10A0800F09E56 /* PONoteDetailViewController.m in Sources */,
				A0C5582E14F176D300F09E56 /* PONoteDetailBackgroundView.m in Sources */,
			);
			runOnlyForDeploymentPostprocessing = 0;
		};
/* End PBXSourcesBuildPhase section */

/* Begin PBXVariantGroup section */
		A0C7449D14F0EB81009D07BF /* InfoPlist.strings */ = {
			isa = PBXVariantGroup;
			children = (
				A0C7449E14F0EB81009D07BF /* en */,
			);
			name = InfoPlist.strings;
			sourceTree = "<group>";
		};
		A0C744A614F0EB82009D07BF /* MainStoryboard_iPhone.storyboard */ = {
			isa = PBXVariantGroup;
			children = (
				A0C744A714F0EB82009D07BF /* en */,
			);
			name = MainStoryboard_iPhone.storyboard;
			sourceTree = "<group>";
		};
		A0C744A914F0EB82009D07BF /* MainStoryboard_iPad.storyboard */ = {
			isa = PBXVariantGroup;
			children = (
				A0C744AA14F0EB82009D07BF /* en */,
			);
			name = MainStoryboard_iPad.storyboard;
			sourceTree = "<group>";
		};
/* End PBXVariantGroup section */

/* Begin XCBuildConfiguration section */
		A0C744B214F0EB82009D07BF /* Debug */ = {
			isa = XCBuildConfiguration;
			buildSettings = {
				ALWAYS_SEARCH_USER_PATHS = NO;
				ARCHS = "$(ARCHS_STANDARD_32_BIT)";
				CLANG_ENABLE_OBJC_ARC = YES;
				"CODE_SIGN_IDENTITY[sdk=iphoneos*]" = "iPhone Developer";
				COPY_PHASE_STRIP = NO;
				GCC_C_LANGUAGE_STANDARD = gnu99;
				GCC_DYNAMIC_NO_PIC = NO;
				GCC_OPTIMIZATION_LEVEL = 0;
				GCC_PREPROCESSOR_DEFINITIONS = (
					"DEBUG=1",
					"$(inherited)",
				);
				GCC_SYMBOLS_PRIVATE_EXTERN = NO;
				GCC_VERSION = com.apple.compilers.llvm.clang.1_0;
				GCC_WARN_ABOUT_MISSING_PROTOTYPES = YES;
				GCC_WARN_ABOUT_RETURN_TYPE = YES;
				GCC_WARN_UNUSED_VARIABLE = YES;
				IPHONEOS_DEPLOYMENT_TARGET = 5.0;
				SDKROOT = iphoneos;
				TARGETED_DEVICE_FAMILY = "1,2";
			};
			name = Debug;
		};
		A0C744B314F0EB82009D07BF /* Release */ = {
			isa = XCBuildConfiguration;
			buildSettings = {
				ALWAYS_SEARCH_USER_PATHS = NO;
				ARCHS = "$(ARCHS_STANDARD_32_BIT)";
				CLANG_ENABLE_OBJC_ARC = YES;
				"CODE_SIGN_IDENTITY[sdk=iphoneos*]" = "iPhone Developer";
				COPY_PHASE_STRIP = YES;
				GCC_C_LANGUAGE_STANDARD = gnu99;
				GCC_VERSION = com.apple.compilers.llvm.clang.1_0;
				GCC_WARN_ABOUT_MISSING_PROTOTYPES = YES;
				GCC_WARN_ABOUT_RETURN_TYPE = YES;
				GCC_WARN_UNUSED_VARIABLE = YES;
				IPHONEOS_DEPLOYMENT_TARGET = 5.0;
				OTHER_CFLAGS = "-DNS_BLOCK_ASSERTIONS=1";
				SDKROOT = iphoneos;
				TARGETED_DEVICE_FAMILY = "1,2";
				VALIDATE_PRODUCT = YES;
			};
			name = Release;
		};
		A0C744B514F0EB82009D07BF /* Debug */ = {
			isa = XCBuildConfiguration;
			buildSettings = {
				GCC_PRECOMPILE_PREFIX_HEADER = YES;
				GCC_PREFIX_HEADER = "Potes/Potes-Prefix.pch";
				INFOPLIST_FILE = "Potes/Potes-Info.plist";
				PRODUCT_NAME = "$(TARGET_NAME)";
				WRAPPER_EXTENSION = app;
			};
			name = Debug;
		};
		A0C744B614F0EB82009D07BF /* Release */ = {
			isa = XCBuildConfiguration;
			buildSettings = {
				GCC_PRECOMPILE_PREFIX_HEADER = YES;
				GCC_PREFIX_HEADER = "Potes/Potes-Prefix.pch";
				INFOPLIST_FILE = "Potes/Potes-Info.plist";
				PRODUCT_NAME = "$(TARGET_NAME)";
				WRAPPER_EXTENSION = app;
			};
			name = Release;
		};
/* End XCBuildConfiguration section */

/* Begin XCConfigurationList section */
		A0C7448A14F0EB81009D07BF /* Build configuration list for PBXProject "Potes" */ = {
			isa = XCConfigurationList;
			buildConfigurations = (
				A0C744B214F0EB82009D07BF /* Debug */,
				A0C744B314F0EB82009D07BF /* Release */,
			);
			defaultConfigurationIsVisible = 0;
			defaultConfigurationName = Release;
		};
		A0C744B414F0EB82009D07BF /* Build configuration list for PBXNativeTarget "Potes" */ = {
			isa = XCConfigurationList;
			buildConfigurations = (
				A0C744B514F0EB82009D07BF /* Debug */,
				A0C744B614F0EB82009D07BF /* Release */,
			);
			defaultConfigurationIsVisible = 0;
			defaultConfigurationName = Release;
		};
/* End XCConfigurationList section */
	};
	rootObject = A0C7448714F0EB81009D07BF /* Project object */;
}
